// !$*UTF8*$!
{
	archiveVersion = 1;
	classes = {
	};
	objectVersion = 46;
	objects = {

/* Begin PBXBuildFile section */
		371F4F8816A89C6500194617 /* SettingsManager.m in Sources */ = {isa = PBXBuildFile; fileRef = 371F4F8716A89C6500194617 /* SettingsManager.m */; };
		375DB93516A46B8200AE240F /* UIKit.framework in Frameworks */ = {isa = PBXBuildFile; fileRef = 375DB93416A46B8200AE240F /* UIKit.framework */; };
		375DB93716A46B8200AE240F /* Foundation.framework in Frameworks */ = {isa = PBXBuildFile; fileRef = 375DB93616A46B8200AE240F /* Foundation.framework */; };
		375DB93916A46B8200AE240F /* CoreGraphics.framework in Frameworks */ = {isa = PBXBuildFile; fileRef = 375DB93816A46B8200AE240F /* CoreGraphics.framework */; };
		375DB93F16A46B8200AE240F /* InfoPlist.strings in Resources */ = {isa = PBXBuildFile; fileRef = 375DB93D16A46B8200AE240F /* InfoPlist.strings */; };
		375DB94116A46B8200AE240F /* main.m in Sources */ = {isa = PBXBuildFile; fileRef = 375DB94016A46B8200AE240F /* main.m */; };
		375DB94516A46B8200AE240F /* AppDelegate.m in Sources */ = {isa = PBXBuildFile; fileRef = 375DB94416A46B8200AE240F /* AppDelegate.m */; };
		375DB94716A46B8200AE240F /* Default.png in Resources */ = {isa = PBXBuildFile; fileRef = 375DB94616A46B8200AE240F /* Default.png */; };
		375DB94916A46B8200AE240F /* Default@2x.png in Resources */ = {isa = PBXBuildFile; fileRef = 375DB94816A46B8200AE240F /* Default@2x.png */; };
		375DB94B16A46B8200AE240F /* Default-568h@2x.png in Resources */ = {isa = PBXBuildFile; fileRef = 375DB94A16A46B8200AE240F /* Default-568h@2x.png */; };
		375DB94E16A46B8200AE240F /* ViewController.m in Sources */ = {isa = PBXBuildFile; fileRef = 375DB94D16A46B8200AE240F /* ViewController.m */; };
		375DB95116A46B8200AE240F /* ViewController_iPhone.xib in Resources */ = {isa = PBXBuildFile; fileRef = 375DB94F16A46B8200AE240F /* ViewController_iPhone.xib */; };
		375DB95416A46B8200AE240F /* ViewController_iPad.xib in Resources */ = {isa = PBXBuildFile; fileRef = 375DB95216A46B8200AE240F /* ViewController_iPad.xib */; };
		375DB96716A473D500AE240F /* AudioToolbox.framework in Frameworks */ = {isa = PBXBuildFile; fileRef = 375DB96616A473D500AE240F /* AudioToolbox.framework */; };
		375DB96916A473DD00AE240F /* CoreAudio.framework in Frameworks */ = {isa = PBXBuildFile; fileRef = 375DB96816A473DD00AE240F /* CoreAudio.framework */; };
		375DB96D16A4A17A00AE240F /* ToneGenerator.m in Sources */ = {isa = PBXBuildFile; fileRef = 375DB96C16A4A17A00AE240F /* ToneGenerator.m */; };
		375EE5C716A4DDD1009C636C /* Accelerate.framework in Frameworks */ = {isa = PBXBuildFile; fileRef = 375EE5C616A4DDD1009C636C /* Accelerate.framework */; };
		375EE5C916A4DDD6009C636C /* AVFoundation.framework in Frameworks */ = {isa = PBXBuildFile; fileRef = 375EE5C816A4DDD6009C636C /* AVFoundation.framework */; };
		375EE5CB16A4DE09009C636C /* CoreFoundation.framework in Frameworks */ = {isa = PBXBuildFile; fileRef = 375EE5CA16A4DE09009C636C /* CoreFoundation.framework */; };
		375EE5CF16A5F3EC009C636C /* CAXException.cpp in Sources */ = {isa = PBXBuildFile; fileRef = 375DB97616A4C53B00AE240F /* CAXException.cpp */; };
		375EE5D216A5F43A009C636C /* RIOInterface.mm in Sources */ = {isa = PBXBuildFile; fileRef = 375EE5D116A5F43A009C636C /* RIOInterface.mm */; };
		375EE5D816A7524F009C636C /* Icon.png in Resources */ = {isa = PBXBuildFile; fileRef = 375EE5D716A7524F009C636C /* Icon.png */; };
		375EE5DA16A75253009C636C /* Icon@2x.png in Resources */ = {isa = PBXBuildFile; fileRef = 375EE5D916A75253009C636C /* Icon@2x.png */; };
		375EE5DC16A7525F009C636C /* Icon-72.png in Resources */ = {isa = PBXBuildFile; fileRef = 375EE5DB16A7525F009C636C /* Icon-72.png */; };
		375EE5DE16A75263009C636C /* Icon-72@2x.png in Resources */ = {isa = PBXBuildFile; fileRef = 375EE5DD16A75263009C636C /* Icon-72@2x.png */; };
		375EE5E816A75A79009C636C /* incoming01@2x.png in Resources */ = {isa = PBXBuildFile; fileRef = 375EE5E416A75A79009C636C /* incoming01@2x.png */; };
		375EE5E916A75A79009C636C /* incoming02@2x.png in Resources */ = {isa = PBXBuildFile; fileRef = 375EE5E516A75A79009C636C /* incoming02@2x.png */; };
		375EE5EA16A75A79009C636C /* incoming03@2x.png in Resources */ = {isa = PBXBuildFile; fileRef = 375EE5E616A75A79009C636C /* incoming03@2x.png */; };
		375EE5EB16A75A79009C636C /* incoming04@2x.png in Resources */ = {isa = PBXBuildFile; fileRef = 375EE5E716A75A79009C636C /* incoming04@2x.png */; };
		375EE5EF16A86EDE009C636C /* background-iPhone@2x.png in Resources */ = {isa = PBXBuildFile; fileRef = 375EE5EC16A86EDE009C636C /* background-iPhone@2x.png */; };
		375EE5F016A86EDE009C636C /* chatBubble@2x.png in Resources */ = {isa = PBXBuildFile; fileRef = 375EE5ED16A86EDE009C636C /* chatBubble@2x.png */; };
		375EE5F116A86EDE009C636C /* configButton@2x.png in Resources */ = {isa = PBXBuildFile; fileRef = 375EE5EE16A86EDE009C636C /* configButton@2x.png */; };
		375EE5F316A872A5009C636C /* background-iPad@2x.png in Resources */ = {isa = PBXBuildFile; fileRef = 375EE5F216A872A5009C636C /* background-iPad@2x.png */; };
		375EE5F716A87D79009C636C /* NVSlideMenuController.m in Sources */ = {isa = PBXBuildFile; fileRef = 375EE5F616A87D79009C636C /* NVSlideMenuController.m */; settings = {COMPILER_FLAGS = "-fno-objc-arc"; }; };
		375EE5FA16A87F20009C636C /* configBG-iPad@2x.png in Resources */ = {isa = PBXBuildFile; fileRef = 375EE5F816A87F20009C636C /* configBG-iPad@2x.png */; };
		375EE5FB16A87F20009C636C /* configBG-iPhone@2x.png in Resources */ = {isa = PBXBuildFile; fileRef = 375EE5F916A87F20009C636C /* configBG-iPhone@2x.png */; };
		375EE5FF16A87F65009C636C /* ConfigViewController.m in Sources */ = {isa = PBXBuildFile; fileRef = 375EE5FD16A87F64009C636C /* ConfigViewController.m */; };
		375EE60016A87F65009C636C /* ConfigViewController_iPhone.xib in Resources */ = {isa = PBXBuildFile; fileRef = 375EE5FE16A87F65009C636C /* ConfigViewController_iPhone.xib */; };
		375EE60216A87FA8009C636C /* ConfigViewController_iPad.xib in Resources */ = {isa = PBXBuildFile; fileRef = 375EE60116A87FA8009C636C /* ConfigViewController_iPad.xib */; };
/* End PBXBuildFile section */

/* Begin PBXFileReference section */
		371F4F8616A89C6500194617 /* SettingsManager.h */ = {isa = PBXFileReference; fileEncoding = 4; lastKnownFileType = sourcecode.c.h; path = SettingsManager.h; sourceTree = "<group>"; };
		371F4F8716A89C6500194617 /* SettingsManager.m */ = {isa = PBXFileReference; fileEncoding = 4; lastKnownFileType = sourcecode.c.objc; path = SettingsManager.m; sourceTree = "<group>"; };
		375DB93016A46B8200AE240F /* EmojiFreak.app */ = {isa = PBXFileReference; explicitFileType = wrapper.application; includeInIndex = 0; path = EmojiFreak.app; sourceTree = BUILT_PRODUCTS_DIR; };
		375DB93416A46B8200AE240F /* UIKit.framework */ = {isa = PBXFileReference; lastKnownFileType = wrapper.framework; name = UIKit.framework; path = System/Library/Frameworks/UIKit.framework; sourceTree = SDKROOT; };
		375DB93616A46B8200AE240F /* Foundation.framework */ = {isa = PBXFileReference; lastKnownFileType = wrapper.framework; name = Foundation.framework; path = System/Library/Frameworks/Foundation.framework; sourceTree = SDKROOT; };
		375DB93816A46B8200AE240F /* CoreGraphics.framework */ = {isa = PBXFileReference; lastKnownFileType = wrapper.framework; name = CoreGraphics.framework; path = System/Library/Frameworks/CoreGraphics.framework; sourceTree = SDKROOT; };
		375DB93C16A46B8200AE240F /* EmojiFreak-Info.plist */ = {isa = PBXFileReference; lastKnownFileType = text.plist.xml; path = "EmojiFreak-Info.plist"; sourceTree = "<group>"; };
		375DB93E16A46B8200AE240F /* en */ = {isa = PBXFileReference; lastKnownFileType = text.plist.strings; name = en; path = en.lproj/InfoPlist.strings; sourceTree = "<group>"; };
		375DB94016A46B8200AE240F /* main.m */ = {isa = PBXFileReference; lastKnownFileType = sourcecode.c.objc; path = main.m; sourceTree = "<group>"; };
		375DB94216A46B8200AE240F /* EmojiFreak-Prefix.pch */ = {isa = PBXFileReference; lastKnownFileType = sourcecode.c.h; path = "EmojiFreak-Prefix.pch"; sourceTree = "<group>"; };
		375DB94316A46B8200AE240F /* AppDelegate.h */ = {isa = PBXFileReference; lastKnownFileType = sourcecode.c.h; path = AppDelegate.h; sourceTree = "<group>"; };
		375DB94416A46B8200AE240F /* AppDelegate.m */ = {isa = PBXFileReference; lastKnownFileType = sourcecode.c.objc; path = AppDelegate.m; sourceTree = "<group>"; };
		375DB94616A46B8200AE240F /* Default.png */ = {isa = PBXFileReference; lastKnownFileType = image.png; path = Default.png; sourceTree = "<group>"; };
		375DB94816A46B8200AE240F /* Default@2x.png */ = {isa = PBXFileReference; lastKnownFileType = image.png; path = "Default@2x.png"; sourceTree = "<group>"; };
		375DB94A16A46B8200AE240F /* Default-568h@2x.png */ = {isa = PBXFileReference; lastKnownFileType = image.png; path = "Default-568h@2x.png"; sourceTree = "<group>"; };
		375DB94C16A46B8200AE240F /* ViewController.h */ = {isa = PBXFileReference; lastKnownFileType = sourcecode.c.h; path = ViewController.h; sourceTree = "<group>"; };
		375DB94D16A46B8200AE240F /* ViewController.m */ = {isa = PBXFileReference; lastKnownFileType = sourcecode.c.objc; path = ViewController.m; sourceTree = "<group>"; };
		375DB95016A46B8200AE240F /* en */ = {isa = PBXFileReference; lastKnownFileType = file.xib; name = en; path = en.lproj/ViewController_iPhone.xib; sourceTree = "<group>"; };
		375DB95316A46B8200AE240F /* en */ = {isa = PBXFileReference; lastKnownFileType = file.xib; name = en; path = en.lproj/ViewController_iPad.xib; sourceTree = "<group>"; };
		375DB96616A473D500AE240F /* AudioToolbox.framework */ = {isa = PBXFileReference; lastKnownFileType = wrapper.framework; name = AudioToolbox.framework; path = System/Library/Frameworks/AudioToolbox.framework; sourceTree = SDKROOT; };
		375DB96816A473DD00AE240F /* CoreAudio.framework */ = {isa = PBXFileReference; lastKnownFileType = wrapper.framework; name = CoreAudio.framework; path = System/Library/Frameworks/CoreAudio.framework; sourceTree = SDKROOT; };
		375DB96B16A4A17A00AE240F /* ToneGenerator.h */ = {isa = PBXFileReference; fileEncoding = 4; lastKnownFileType = sourcecode.c.h; path = ToneGenerator.h; sourceTree = "<group>"; };
		375DB96C16A4A17A00AE240F /* ToneGenerator.m */ = {isa = PBXFileReference; fileEncoding = 4; lastKnownFileType = sourcecode.c.objc; path = ToneGenerator.m; sourceTree = "<group>"; };
		375DB97416A4C53B00AE240F /* CADebugMacros.h */ = {isa = PBXFileReference; lastKnownFileType = sourcecode.c.h; path = CADebugMacros.h; sourceTree = "<group>"; };
		375DB97516A4C53B00AE240F /* CAStreamBasicDescription.h */ = {isa = PBXFileReference; lastKnownFileType = sourcecode.c.h; path = CAStreamBasicDescription.h; sourceTree = "<group>"; };
		375DB97616A4C53B00AE240F /* CAXException.cpp */ = {isa = PBXFileReference; lastKnownFileType = sourcecode.cpp.cpp; path = CAXException.cpp; sourceTree = "<group>"; };
		375DB97716A4C53B00AE240F /* CAXException.h */ = {isa = PBXFileReference; lastKnownFileType = sourcecode.c.h; path = CAXException.h; sourceTree = "<group>"; };
		375EE5C516A4DD23009C636C /* CADebugPrintf.h */ = {isa = PBXFileReference; fileEncoding = 4; lastKnownFileType = sourcecode.c.h; path = CADebugPrintf.h; sourceTree = "<group>"; };
		375EE5C616A4DDD1009C636C /* Accelerate.framework */ = {isa = PBXFileReference; lastKnownFileType = wrapper.framework; name = Accelerate.framework; path = System/Library/Frameworks/Accelerate.framework; sourceTree = SDKROOT; };
		375EE5C816A4DDD6009C636C /* AVFoundation.framework */ = {isa = PBXFileReference; lastKnownFileType = wrapper.framework; name = AVFoundation.framework; path = System/Library/Frameworks/AVFoundation.framework; sourceTree = SDKROOT; };
		375EE5CA16A4DE09009C636C /* CoreFoundation.framework */ = {isa = PBXFileReference; lastKnownFileType = wrapper.framework; name = CoreFoundation.framework; path = System/Library/Frameworks/CoreFoundation.framework; sourceTree = SDKROOT; };
		375EE5D016A5F43A009C636C /* RIOInterface.h */ = {isa = PBXFileReference; fileEncoding = 4; lastKnownFileType = sourcecode.c.h; path = RIOInterface.h; sourceTree = "<group>"; };
		375EE5D116A5F43A009C636C /* RIOInterface.mm */ = {isa = PBXFileReference; fileEncoding = 4; lastKnownFileType = sourcecode.cpp.objcpp; path = RIOInterface.mm; sourceTree = "<group>"; };
		375EE5D716A7524F009C636C /* Icon.png */ = {isa = PBXFileReference; lastKnownFileType = image.png; path = Icon.png; sourceTree = "<group>"; };
		375EE5D916A75253009C636C /* Icon@2x.png */ = {isa = PBXFileReference; lastKnownFileType = image.png; path = "Icon@2x.png"; sourceTree = "<group>"; };
		375EE5DB16A7525F009C636C /* Icon-72.png */ = {isa = PBXFileReference; lastKnownFileType = image.png; path = "Icon-72.png"; sourceTree = "<group>"; };
		375EE5DD16A75263009C636C /* Icon-72@2x.png */ = {isa = PBXFileReference; lastKnownFileType = image.png; path = "Icon-72@2x.png"; sourceTree = "<group>"; };
		375EE5E416A75A79009C636C /* incoming01@2x.png */ = {isa = PBXFileReference; lastKnownFileType = image.png; name = "incoming01@2x.png"; path = "images/incoming01@2x.png"; sourceTree = "<group>"; };
		375EE5E516A75A79009C636C /* incoming02@2x.png */ = {isa = PBXFileReference; lastKnownFileType = image.png; name = "incoming02@2x.png"; path = "images/incoming02@2x.png"; sourceTree = "<group>"; };
		375EE5E616A75A79009C636C /* incoming03@2x.png */ = {isa = PBXFileReference; lastKnownFileType = image.png; name = "incoming03@2x.png"; path = "images/incoming03@2x.png"; sourceTree = "<group>"; };
		375EE5E716A75A79009C636C /* incoming04@2x.png */ = {isa = PBXFileReference; lastKnownFileType = image.png; name = "incoming04@2x.png"; path = "images/incoming04@2x.png"; sourceTree = "<group>"; };
		375EE5EC16A86EDE009C636C /* background-iPhone@2x.png */ = {isa = PBXFileReference; lastKnownFileType = image.png; name = "background-iPhone@2x.png"; path = "images/background-iPhone@2x.png"; sourceTree = "<group>"; };
		375EE5ED16A86EDE009C636C /* chatBubble@2x.png */ = {isa = PBXFileReference; lastKnownFileType = image.png; name = "chatBubble@2x.png"; path = "images/chatBubble@2x.png"; sourceTree = "<group>"; };
		375EE5EE16A86EDE009C636C /* configButton@2x.png */ = {isa = PBXFileReference; lastKnownFileType = image.png; name = "configButton@2x.png"; path = "images/configButton@2x.png"; sourceTree = "<group>"; };
		375EE5F216A872A5009C636C /* background-iPad@2x.png */ = {isa = PBXFileReference; lastKnownFileType = image.png; name = "background-iPad@2x.png"; path = "images/background-iPad@2x.png"; sourceTree = "<group>"; };
		375EE5F516A87D79009C636C /* NVSlideMenuController.h */ = {isa = PBXFileReference; fileEncoding = 4; lastKnownFileType = sourcecode.c.h; path = NVSlideMenuController.h; sourceTree = "<group>"; };
		375EE5F616A87D79009C636C /* NVSlideMenuController.m */ = {isa = PBXFileReference; fileEncoding = 4; lastKnownFileType = sourcecode.c.objc; path = NVSlideMenuController.m; sourceTree = "<group>"; };
		375EE5F816A87F20009C636C /* configBG-iPad@2x.png */ = {isa = PBXFileReference; lastKnownFileType = image.png; name = "configBG-iPad@2x.png"; path = "images/configBG-iPad@2x.png"; sourceTree = "<group>"; };
		375EE5F916A87F20009C636C /* configBG-iPhone@2x.png */ = {isa = PBXFileReference; lastKnownFileType = image.png; name = "configBG-iPhone@2x.png"; path = "images/configBG-iPhone@2x.png"; sourceTree = "<group>"; };
		375EE5FC16A87F64009C636C /* ConfigViewController.h */ = {isa = PBXFileReference; fileEncoding = 4; lastKnownFileType = sourcecode.c.h; path = ConfigViewController.h; sourceTree = "<group>"; };
		375EE5FD16A87F64009C636C /* ConfigViewController.m */ = {isa = PBXFileReference; fileEncoding = 4; lastKnownFileType = sourcecode.c.objc; path = ConfigViewController.m; sourceTree = "<group>"; };
		375EE5FE16A87F65009C636C /* ConfigViewController_iPhone.xib */ = {isa = PBXFileReference; fileEncoding = 4; lastKnownFileType = file.xib; path = ConfigViewController_iPhone.xib; sourceTree = "<group>"; };
		375EE60116A87FA8009C636C /* ConfigViewController_iPad.xib */ = {isa = PBXFileReference; fileEncoding = 4; lastKnownFileType = file.xib; path = ConfigViewController_iPad.xib; sourceTree = "<group>"; };
/* End PBXFileReference section */

/* Begin PBXFrameworksBuildPhase section */
		375DB92D16A46B8200AE240F /* Frameworks */ = {
			isa = PBXFrameworksBuildPhase;
			buildActionMask = 2147483647;
			files = (
				375EE5CB16A4DE09009C636C /* CoreFoundation.framework in Frameworks */,
				375EE5C916A4DDD6009C636C /* AVFoundation.framework in Frameworks */,
				375EE5C716A4DDD1009C636C /* Accelerate.framework in Frameworks */,
				375DB96916A473DD00AE240F /* CoreAudio.framework in Frameworks */,
				375DB96716A473D500AE240F /* AudioToolbox.framework in Frameworks */,
				375DB93516A46B8200AE240F /* UIKit.framework in Frameworks */,
				375DB93716A46B8200AE240F /* Foundation.framework in Frameworks */,
				375DB93916A46B8200AE240F /* CoreGraphics.framework in Frameworks */,
			);
			runOnlyForDeploymentPostprocessing = 0;
		};
/* End PBXFrameworksBuildPhase section */

/* Begin PBXGroup section */
		371F4F8A16A89D3000194617 /* Managers */ = {
			isa = PBXGroup;
			children = (
				371F4F8616A89C6500194617 /* SettingsManager.h */,
				371F4F8716A89C6500194617 /* SettingsManager.m */,
			);
			name = Managers;
			sourceTree = "<group>";
		};
		375DB92516A46B8200AE240F = {
			isa = PBXGroup;
			children = (
				375EE5DD16A75263009C636C /* Icon-72@2x.png */,
				375EE5DB16A7525F009C636C /* Icon-72.png */,
				375EE5D916A75253009C636C /* Icon@2x.png */,
				375EE5D716A7524F009C636C /* Icon.png */,
				375DB93A16A46B8200AE240F /* EmojiFreak */,
				375DB93316A46B8200AE240F /* Frameworks */,
				375DB93116A46B8200AE240F /* Products */,
			);
			sourceTree = "<group>";
		};
		375DB93116A46B8200AE240F /* Products */ = {
			isa = PBXGroup;
			children = (
				375DB93016A46B8200AE240F /* EmojiFreak.app */,
			);
			name = Products;
			sourceTree = "<group>";
		};
		375DB93316A46B8200AE240F /* Frameworks */ = {
			isa = PBXGroup;
			children = (
				375EE5CA16A4DE09009C636C /* CoreFoundation.framework */,
				375EE5C816A4DDD6009C636C /* AVFoundation.framework */,
				375EE5C616A4DDD1009C636C /* Accelerate.framework */,
				375DB96816A473DD00AE240F /* CoreAudio.framework */,
				375DB96616A473D500AE240F /* AudioToolbox.framework */,
				375DB93416A46B8200AE240F /* UIKit.framework */,
				375DB93616A46B8200AE240F /* Foundation.framework */,
				375DB93816A46B8200AE240F /* CoreGraphics.framework */,
			);
			name = Frameworks;
			sourceTree = "<group>";
		};
		375DB93A16A46B8200AE240F /* EmojiFreak */ = {
			isa = PBXGroup;
			children = (
				371F4F8A16A89D3000194617 /* Managers */,
				375EE5F416A87D79009C636C /* NVSlideMenuController */,
				375EE5DF16A75A50009C636C /* Resources */,
				375DB96A16A4A12400AE240F /* Classes */,
				375DB94316A46B8200AE240F /* AppDelegate.h */,
				375DB94416A46B8200AE240F /* AppDelegate.m */,
				375DB94C16A46B8200AE240F /* ViewController.h */,
				375DB94D16A46B8200AE240F /* ViewController.m */,
				375EE5FC16A87F64009C636C /* ConfigViewController.h */,
				375EE5FD16A87F64009C636C /* ConfigViewController.m */,
				375EE5FE16A87F65009C636C /* ConfigViewController_iPhone.xib */,
				375EE60116A87FA8009C636C /* ConfigViewController_iPad.xib */,
				375DB94F16A46B8200AE240F /* ViewController_iPhone.xib */,
				375DB95216A46B8200AE240F /* ViewController_iPad.xib */,
				375DB93B16A46B8200AE240F /* Supporting Files */,
			);
			path = EmojiFreak;
			sourceTree = "<group>";
		};
		375DB93B16A46B8200AE240F /* Supporting Files */ = {
			isa = PBXGroup;
			children = (
				375DB93C16A46B8200AE240F /* EmojiFreak-Info.plist */,
				375DB93D16A46B8200AE240F /* InfoPlist.strings */,
				375DB94016A46B8200AE240F /* main.m */,
				375DB94216A46B8200AE240F /* EmojiFreak-Prefix.pch */,
				375DB94616A46B8200AE240F /* Default.png */,
				375DB94816A46B8200AE240F /* Default@2x.png */,
				375DB94A16A46B8200AE240F /* Default-568h@2x.png */,
			);
			name = "Supporting Files";
			sourceTree = "<group>";
		};
		375DB96A16A4A12400AE240F /* Classes */ = {
			isa = PBXGroup;
			children = (
				375DB97316A4C52C00AE240F /* CAUtil */,
				375EE5D016A5F43A009C636C /* RIOInterface.h */,
				375EE5D116A5F43A009C636C /* RIOInterface.mm */,
				375DB96B16A4A17A00AE240F /* ToneGenerator.h */,
				375DB96C16A4A17A00AE240F /* ToneGenerator.m */,
			);
			name = Classes;
			sourceTree = "<group>";
		};
		375DB97316A4C52C00AE240F /* CAUtil */ = {
			isa = PBXGroup;
			children = (
				375DB97416A4C53B00AE240F /* CADebugMacros.h */,
				375DB97516A4C53B00AE240F /* CAStreamBasicDescription.h */,
				375DB97616A4C53B00AE240F /* CAXException.cpp */,
				375DB97716A4C53B00AE240F /* CAXException.h */,
				375EE5C516A4DD23009C636C /* CADebugPrintf.h */,
			);
			name = CAUtil;
			sourceTree = "<group>";
		};
		375EE5DF16A75A50009C636C /* Resources */ = {
			isa = PBXGroup;
			children = (
				375EE5E016A75A57009C636C /* Images */,
			);
			name = Resources;
			sourceTree = "<group>";
		};
		375EE5E016A75A57009C636C /* Images */ = {
			isa = PBXGroup;
			children = (
				375EE5E316A75A6A009C636C /* Universal */,
				375EE5E216A75A65009C636C /* iPhone */,
				375EE5E116A75A60009C636C /* iPad */,
			);
			name = Images;
			sourceTree = "<group>";
		};
		375EE5E116A75A60009C636C /* iPad */ = {
			isa = PBXGroup;
			children = (
				375EE5F816A87F20009C636C /* configBG-iPad@2x.png */,
				375EE5F216A872A5009C636C /* background-iPad@2x.png */,
			);
			name = iPad;
			sourceTree = "<group>";
		};
		375EE5E216A75A65009C636C /* iPhone */ = {
			isa = PBXGroup;
			children = (
				375EE5EC16A86EDE009C636C /* background-iPhone@2x.png */,
				375EE5F916A87F20009C636C /* configBG-iPhone@2x.png */,
			);
			name = iPhone;
			sourceTree = "<group>";
		};
		375EE5E316A75A6A009C636C /* Universal */ = {
			isa = PBXGroup;
			children = (
				375EE5E416A75A79009C636C /* incoming01@2x.png */,
				375EE5E516A75A79009C636C /* incoming02@2x.png */,
				375EE5E616A75A79009C636C /* incoming03@2x.png */,
				375EE5E716A75A79009C636C /* incoming04@2x.png */,
				375EE5ED16A86EDE009C636C /* chatBubble@2x.png */,
				375EE5EE16A86EDE009C636C /* configButton@2x.png */,
			);
			name = Universal;
			sourceTree = "<group>";
		};
		375EE5F416A87D79009C636C /* NVSlideMenuController */ = {
			isa = PBXGroup;
			children = (
				375EE5F516A87D79009C636C /* NVSlideMenuController.h */,
				375EE5F616A87D79009C636C /* NVSlideMenuController.m */,
			);
			path = NVSlideMenuController;
			sourceTree = "<group>";
		};
/* End PBXGroup section */

/* Begin PBXNativeTarget section */
		375DB92F16A46B8200AE240F /* EmojiFreak */ = {
			isa = PBXNativeTarget;
			buildConfigurationList = 375DB95716A46B8200AE240F /* Build configuration list for PBXNativeTarget "EmojiFreak" */;
			buildPhases = (
				375DB92C16A46B8200AE240F /* Sources */,
				375DB92D16A46B8200AE240F /* Frameworks */,
				375DB92E16A46B8200AE240F /* Resources */,
			);
			buildRules = (
			);
			dependencies = (
			);
			name = EmojiFreak;
			productName = EmojiFreak;
			productReference = 375DB93016A46B8200AE240F /* EmojiFreak.app */;
			productType = "com.apple.product-type.application";
		};
/* End PBXNativeTarget section */

/* Begin PBXProject section */
		375DB92716A46B8200AE240F /* Project object */ = {
			isa = PBXProject;
			attributes = {
				LastUpgradeCheck = 0450;
				ORGANIZATIONNAME = "Braxio Interactive";
			};
			buildConfigurationList = 375DB92A16A46B8200AE240F /* Build configuration list for PBXProject "EmojiFreak" */;
			compatibilityVersion = "Xcode 3.2";
			developmentRegion = English;
			hasScannedForEncodings = 0;
			knownRegions = (
				en,
			);
			mainGroup = 375DB92516A46B8200AE240F;
			productRefGroup = 375DB93116A46B8200AE240F /* Products */;
			projectDirPath = "";
			projectRoot = "";
			targets = (
				375DB92F16A46B8200AE240F /* EmojiFreak */,
			);
		};
/* End PBXProject section */

/* Begin PBXResourcesBuildPhase section */
		375DB92E16A46B8200AE240F /* Resources */ = {
			isa = PBXResourcesBuildPhase;
			buildActionMask = 2147483647;
			files = (
				375DB93F16A46B8200AE240F /* InfoPlist.strings in Resources */,
				375DB94716A46B8200AE240F /* Default.png in Resources */,
				375DB94916A46B8200AE240F /* Default@2x.png in Resources */,
				375DB94B16A46B8200AE240F /* Default-568h@2x.png in Resources */,
				375DB95116A46B8200AE240F /* ViewController_iPhone.xib in Resources */,
				375DB95416A46B8200AE240F /* ViewController_iPad.xib in Resources */,
				375EE5D816A7524F009C636C /* Icon.png in Resources */,
				375EE5DA16A75253009C636C /* Icon@2x.png in Resources */,
				375EE5DC16A7525F009C636C /* Icon-72.png in Resources */,
				375EE5DE16A75263009C636C /* Icon-72@2x.png in Resources */,
				375EE5E816A75A79009C636C /* incoming01@2x.png in Resources */,
				375EE5E916A75A79009C636C /* incoming02@2x.png in Resources */,
				375EE5EA16A75A79009C636C /* incoming03@2x.png in Resources */,
				375EE5EB16A75A79009C636C /* incoming04@2x.png in Resources */,
				375EE5EF16A86EDE009C636C /* background-iPhone@2x.png in Resources */,
				375EE5F016A86EDE009C636C /* chatBubble@2x.png in Resources */,
				375EE5F116A86EDE009C636C /* configButton@2x.png in Resources */,
				375EE5F316A872A5009C636C /* background-iPad@2x.png in Resources */,
				375EE5FA16A87F20009C636C /* configBG-iPad@2x.png in Resources */,
				375EE5FB16A87F20009C636C /* configBG-iPhone@2x.png in Resources */,
				375EE60016A87F65009C636C /* ConfigViewController_iPhone.xib in Resources */,
				375EE60216A87FA8009C636C /* ConfigViewController_iPad.xib in Resources */,
			);
			runOnlyForDeploymentPostprocessing = 0;
		};
/* End PBXResourcesBuildPhase section */

/* Begin PBXSourcesBuildPhase section */
		375DB92C16A46B8200AE240F /* Sources */ = {
			isa = PBXSourcesBuildPhase;
			buildActionMask = 2147483647;
			files = (
				375EE5CF16A5F3EC009C636C /* CAXException.cpp in Sources */,
				375DB94116A46B8200AE240F /* main.m in Sources */,
				375DB94516A46B8200AE240F /* AppDelegate.m in Sources */,
				375DB94E16A46B8200AE240F /* ViewController.m in Sources */,
				375DB96D16A4A17A00AE240F /* ToneGenerator.m in Sources */,
				375EE5D216A5F43A009C636C /* RIOInterface.mm in Sources */,
				375EE5F716A87D79009C636C /* NVSlideMenuController.m in Sources */,
				375EE5FF16A87F65009C636C /* ConfigViewController.m in Sources */,
				371F4F8816A89C6500194617 /* SettingsManager.m in Sources */,
			);
			runOnlyForDeploymentPostprocessing = 0;
		};
/* End PBXSourcesBuildPhase section */

/* Begin PBXVariantGroup section */
		375DB93D16A46B8200AE240F /* InfoPlist.strings */ = {
			isa = PBXVariantGroup;
			children = (
				375DB93E16A46B8200AE240F /* en */,
			);
			name = InfoPlist.strings;
			sourceTree = "<group>";
		};
		375DB94F16A46B8200AE240F /* ViewController_iPhone.xib */ = {
			isa = PBXVariantGroup;
			children = (
				375DB95016A46B8200AE240F /* en */,
			);
			name = ViewController_iPhone.xib;
			sourceTree = "<group>";
		};
		375DB95216A46B8200AE240F /* ViewController_iPad.xib */ = {
			isa = PBXVariantGroup;
			children = (
				375DB95316A46B8200AE240F /* en */,
			);
			name = ViewController_iPad.xib;
			sourceTree = "<group>";
		};
/* End PBXVariantGroup section */

/* Begin XCBuildConfiguration section */
		375DB95516A46B8200AE240F /* Debug */ = {
			isa = XCBuildConfiguration;
			buildSettings = {
				ALWAYS_SEARCH_USER_PATHS = NO;
				CLANG_CXX_LANGUAGE_STANDARD = "gnu++0x";
				CLANG_CXX_LIBRARY = "libc++";
				CLANG_ENABLE_OBJC_ARC = YES;
				CLANG_WARN_EMPTY_BODY = YES;
				CLANG_WARN__DUPLICATE_METHOD_MATCH = YES;
				"CODE_SIGN_IDENTITY[sdk=iphoneos*]" = "iPhone Developer";
				COPY_PHASE_STRIP = NO;
				GCC_C_LANGUAGE_STANDARD = gnu99;
				GCC_DYNAMIC_NO_PIC = NO;
				GCC_OPTIMIZATION_LEVEL = 0;
				GCC_PREPROCESSOR_DEFINITIONS = (
					"DEBUG=1",
					"$(inherited)",
				);
				GCC_SYMBOLS_PRIVATE_EXTERN = NO;
				GCC_WARN_ABOUT_RETURN_TYPE = YES;
				GCC_WARN_UNINITIALIZED_AUTOS = YES;
				GCC_WARN_UNUSED_VARIABLE = YES;
				IPHONEOS_DEPLOYMENT_TARGET = 6.0;
				SDKROOT = iphoneos;
				TARGETED_DEVICE_FAMILY = "1,2";
			};
			name = Debug;
		};
		375DB95616A46B8200AE240F /* Release */ = {
			isa = XCBuildConfiguration;
			buildSettings = {
				ALWAYS_SEARCH_USER_PATHS = NO;
				CLANG_CXX_LANGUAGE_STANDARD = "gnu++0x";
				CLANG_CXX_LIBRARY = "libc++";
				CLANG_ENABLE_OBJC_ARC = YES;
				CLANG_WARN_EMPTY_BODY = YES;
				CLANG_WARN__DUPLICATE_METHOD_MATCH = YES;
				"CODE_SIGN_IDENTITY[sdk=iphoneos*]" = "iPhone Developer";
				COPY_PHASE_STRIP = YES;
				GCC_C_LANGUAGE_STANDARD = gnu99;
				GCC_WARN_ABOUT_RETURN_TYPE = YES;
				GCC_WARN_UNINITIALIZED_AUTOS = YES;
				GCC_WARN_UNUSED_VARIABLE = YES;
				IPHONEOS_DEPLOYMENT_TARGET = 6.0;
				OTHER_CFLAGS = "-DNS_BLOCK_ASSERTIONS=1";
				SDKROOT = iphoneos;
				TARGETED_DEVICE_FAMILY = "1,2";
				VALIDATE_PRODUCT = YES;
			};
			name = Release;
		};
		375DB95816A46B8200AE240F /* Debug */ = {
			isa = XCBuildConfiguration;
			buildSettings = {
				GCC_PRECOMPILE_PREFIX_HEADER = YES;
				GCC_PREFIX_HEADER = "EmojiFreak/EmojiFreak-Prefix.pch";
				INFOPLIST_FILE = "EmojiFreak/EmojiFreak-Info.plist";
				IPHONEOS_DEPLOYMENT_TARGET = 6.0;
				PRODUCT_NAME = "$(TARGET_NAME)";
				WRAPPER_EXTENSION = app;
			};
			name = Debug;
		};
		375DB95916A46B8200AE240F /* Release */ = {
			isa = XCBuildConfiguration;
			buildSettings = {
				GCC_PRECOMPILE_PREFIX_HEADER = YES;
				GCC_PREFIX_HEADER = "EmojiFreak/EmojiFreak-Prefix.pch";
				INFOPLIST_FILE = "EmojiFreak/EmojiFreak-Info.plist";
				IPHONEOS_DEPLOYMENT_TARGET = 6.0;
				PRODUCT_NAME = "$(TARGET_NAME)";
				WRAPPER_EXTENSION = app;
			};
			name = Release;
		};
/* End XCBuildConfiguration section */

/* Begin XCConfigurationList section */
		375DB92A16A46B8200AE240F /* Build configuration list for PBXProject "EmojiFreak" */ = {
			isa = XCConfigurationList;
			buildConfigurations = (
				375DB95516A46B8200AE240F /* Debug */,
				375DB95616A46B8200AE240F /* Release */,
			);
			defaultConfigurationIsVisible = 0;
			defaultConfigurationName = Release;
		};
		375DB95716A46B8200AE240F /* Build configuration list for PBXNativeTarget "EmojiFreak" */ = {
			isa = XCConfigurationList;
			buildConfigurations = (
				375DB95816A46B8200AE240F /* Debug */,
				375DB95916A46B8200AE240F /* Release */,
			);
			defaultConfigurationIsVisible = 0;
			defaultConfigurationName = Release;
		};
/* End XCConfigurationList section */
	};
	rootObject = 375DB92716A46B8200AE240F /* Project object */;
}
